
Microsoft Visual Studio Solution File, Format Version 12.00
# Visual Studio Version 17
VisualStudioVersion = 17.9.34728.123
MinimumVisualStudioVersion = 10.0.40219.1
Project("{9A19103F-16F7-4668-BE54-9A1E7A4F7556}") = "GeekShopping.ProductAPI", "GeekShopping.ProductAPI\GeekShopping.ProductAPI.csproj", "{264B3399-4D9B-4E5C-8420-1340F4EB4487}"
EndProject
Project("{FAE04EC0-301F-11D3-BF4B-00C04F79EFBC}") = "GeekShopping.Identity", "GeekShopping.Identity\GeekShopping.Identity.csproj", "{7D492873-A146-40A6-9FFB-37E501563D89}"
EndProject
Project("{FAE04EC0-301F-11D3-BF4B-00C04F79EFBC}") = "GeekShopping.CartAPI", "GeekShopping.CartAPI\GeekShopping.CartAPI.csproj", "{C265A773-7D49-4405-9E9A-04221C8E4DA8}"
EndProject
Global
	GlobalSection(SolutionConfigurationPlatforms) = preSolution
		Debug|Any CPU = Debug|Any CPU
		Release|Any CPU = Release|Any CPU
	EndGlobalSection
	GlobalSection(ProjectConfigurationPlatforms) = postSolution
		{264B3399-4D9B-4E5C-8420-1340F4EB4487}.Debug|Any CPU.ActiveCfg = Debug|Any CPU
		{264B3399-4D9B-4E5C-8420-1340F4EB4487}.Debug|Any CPU.Build.0 = Debug|Any CPU
		{264B3399-4D9B-4E5C-8420-1340F4EB4487}.Release|Any CPU.ActiveCfg = Release|Any CPU
		{264B3399-4D9B-4E5C-8420-1340F4EB4487}.Release|Any CPU.Build.0 = Release|Any CPU
		{7D492873-A146-40A6-9FFB-37E501563D89}.Debug|Any CPU.ActiveCfg = Debug|Any CPU
		{7D492873-A146-40A6-9FFB-37E501563D89}.Debug|Any CPU.Build.0 = Debug|Any CPU
		{7D492873-A146-40A6-9FFB-37E501563D89}.Release|Any CPU.ActiveCfg = Release|Any CPU
		{7D492873-A146-40A6-9FFB-37E501563D89}.Release|Any CPU.Build.0 = Release|Any CPU
		{C265A773-7D49-4405-9E9A-04221C8E4DA8}.Debug|Any CPU.ActiveCfg = Debug|Any CPU
		{C265A773-7D49-4405-9E9A-04221C8E4DA8}.Debug|Any CPU.Build.0 = Debug|Any CPU
		{C265A773-7D49-4405-9E9A-04221C8E4DA8}.Release|Any CPU.ActiveCfg = Release|Any CPU
		{C265A773-7D49-4405-9E9A-04221C8E4DA8}.Release|Any CPU.Build.0 = Release|Any CPU
	EndGlobalSection
	GlobalSection(SolutionProperties) = preSolution
		HideSolutionNode = FALSE
	EndGlobalSection
	GlobalSection(ExtensibilityGlobals) = postSolution
		SolutionGuid = {305C4598-6884-454A-86D3-E255ADB89D8B}
	EndGlobalSection
EndGlobal
